
Microsoft Visual Studio Solution File, Format Version 12.00
# Visual Studio Version 16
VisualStudioVersion = 16.0.31112.23
MinimumVisualStudioVersion = 10.0.40219.1
Project("{FAE04EC0-301F-11D3-BF4B-00C04F79EFBC}") = "w06d02m02", "w06d02m02\w06d02m02.csproj", "{46971CC1-1D65-4F7E-AC3A-CE83F716AB34}"
EndProject
Global
	GlobalSection(SolutionConfigurationPlatforms) = preSolution
		Debug|Any CPU = Debug|Any CPU
		Release|Any CPU = Release|Any CPU
	EndGlobalSection
	GlobalSection(ProjectConfigurationPlatforms) = postSolution
		{46971CC1-1D65-4F7E-AC3A-CE83F716AB34}.Debug|Any CPU.ActiveCfg = Debug|Any CPU
		{46971CC1-1D65-4F7E-AC3A-CE83F716AB34}.Debug|Any CPU.Build.0 = Debug|Any CPU
		{46971CC1-1D65-4F7E-AC3A-CE83F716AB34}.Release|Any CPU.ActiveCfg = Release|Any CPU
		{46971CC1-1D65-4F7E-AC3A-CE83F716AB34}.Release|Any CPU.Build.0 = Release|Any CPU
	EndGlobalSection
	GlobalSection(SolutionProperties) = preSolution
		HideSolutionNode = FALSE
	EndGlobalSection
	GlobalSection(ExtensibilityGlobals) = postSolution
		SolutionGuid = {F2435200-EEED-4F8B-93D4-2519DBF559D5}
	EndGlobalSection
EndGlobal
