
Microsoft Visual Studio Solution File, Format Version 12.00
# Visual Studio Version 16
VisualStudioVersion = 16.0.30717.126
MinimumVisualStudioVersion = 10.0.40219.1
Project("{FAE04EC0-301F-11D3-BF4B-00C04F79EFBC}") = "w05d04m01", "w05d04m01\w05d04m01.csproj", "{8BE1B7FD-AE44-4060-8FE8-1B6F4FB56401}"
EndProject
Global
	GlobalSection(SolutionConfigurationPlatforms) = preSolution
		Debug|Any CPU = Debug|Any CPU
		Release|Any CPU = Release|Any CPU
	EndGlobalSection
	GlobalSection(ProjectConfigurationPlatforms) = postSolution
		{8BE1B7FD-AE44-4060-8FE8-1B6F4FB56401}.Debug|Any CPU.ActiveCfg = Debug|Any CPU
		{8BE1B7FD-AE44-4060-8FE8-1B6F4FB56401}.Debug|Any CPU.Build.0 = Debug|Any CPU
		{8BE1B7FD-AE44-4060-8FE8-1B6F4FB56401}.Release|Any CPU.ActiveCfg = Release|Any CPU
		{8BE1B7FD-AE44-4060-8FE8-1B6F4FB56401}.Release|Any CPU.Build.0 = Release|Any CPU
	EndGlobalSection
	GlobalSection(SolutionProperties) = preSolution
		HideSolutionNode = FALSE
	EndGlobalSection
	GlobalSection(ExtensibilityGlobals) = postSolution
		SolutionGuid = {3291DADF-784C-4D47-9F44-5E3A22DBB314}
	EndGlobalSection
EndGlobal
