
Microsoft Visual Studio Solution File, Format Version 12.00
# Visual Studio Version 16
VisualStudioVersion = 16.0.30717.126
MinimumVisualStudioVersion = 10.0.40219.1
Project("{FAE04EC0-301F-11D3-BF4B-00C04F79EFBC}") = "w05d05m01", "w05d05m01\w05d05m01.csproj", "{F48CE661-016A-4E7E-B509-5050CEDB34D7}"
EndProject
Global
	GlobalSection(SolutionConfigurationPlatforms) = preSolution
		Debug|Any CPU = Debug|Any CPU
		Release|Any CPU = Release|Any CPU
	EndGlobalSection
	GlobalSection(ProjectConfigurationPlatforms) = postSolution
		{F48CE661-016A-4E7E-B509-5050CEDB34D7}.Debug|Any CPU.ActiveCfg = Debug|Any CPU
		{F48CE661-016A-4E7E-B509-5050CEDB34D7}.Debug|Any CPU.Build.0 = Debug|Any CPU
		{F48CE661-016A-4E7E-B509-5050CEDB34D7}.Release|Any CPU.ActiveCfg = Release|Any CPU
		{F48CE661-016A-4E7E-B509-5050CEDB34D7}.Release|Any CPU.Build.0 = Release|Any CPU
	EndGlobalSection
	GlobalSection(SolutionProperties) = preSolution
		HideSolutionNode = FALSE
	EndGlobalSection
	GlobalSection(ExtensibilityGlobals) = postSolution
		SolutionGuid = {3D774E3F-1D3F-4C8D-8C75-B874972FF2C4}
	EndGlobalSection
EndGlobal
