
Microsoft Visual Studio Solution File, Format Version 12.00
# Visual Studio Version 16
VisualStudioVersion = 16.0.30503.244
MinimumVisualStudioVersion = 10.0.40219.1
Project("{FAE04EC0-301F-11D3-BF4B-00C04F79EFBC}") = "w02d05m01", "w02d05m01\w02d05m01.csproj", "{58E5F65A-5ADE-4BCC-AC8F-076BDA624FCC}"
EndProject
Global
	GlobalSection(SolutionConfigurationPlatforms) = preSolution
		Debug|Any CPU = Debug|Any CPU
		Release|Any CPU = Release|Any CPU
	EndGlobalSection
	GlobalSection(ProjectConfigurationPlatforms) = postSolution
		{58E5F65A-5ADE-4BCC-AC8F-076BDA624FCC}.Debug|Any CPU.ActiveCfg = Debug|Any CPU
		{58E5F65A-5ADE-4BCC-AC8F-076BDA624FCC}.Debug|Any CPU.Build.0 = Debug|Any CPU
		{58E5F65A-5ADE-4BCC-AC8F-076BDA624FCC}.Release|Any CPU.ActiveCfg = Release|Any CPU
		{58E5F65A-5ADE-4BCC-AC8F-076BDA624FCC}.Release|Any CPU.Build.0 = Release|Any CPU
	EndGlobalSection
	GlobalSection(SolutionProperties) = preSolution
		HideSolutionNode = FALSE
	EndGlobalSection
	GlobalSection(ExtensibilityGlobals) = postSolution
		SolutionGuid = {268AB095-DB71-44A2-88BB-4C914DDF6711}
	EndGlobalSection
EndGlobal
