
Microsoft Visual Studio Solution File, Format Version 12.00
# Visual Studio Version 16
VisualStudioVersion = 16.0.30503.244
MinimumVisualStudioVersion = 10.0.40219.1
Project("{FAE04EC0-301F-11D3-BF4B-00C04F79EFBC}") = "w02d03", "w02d03\w02d03.csproj", "{31336C71-3707-44DE-B1C5-D877B4EAB925}"
EndProject
Global
	GlobalSection(SolutionConfigurationPlatforms) = preSolution
		Debug|Any CPU = Debug|Any CPU
		Release|Any CPU = Release|Any CPU
	EndGlobalSection
	GlobalSection(ProjectConfigurationPlatforms) = postSolution
		{31336C71-3707-44DE-B1C5-D877B4EAB925}.Debug|Any CPU.ActiveCfg = Debug|Any CPU
		{31336C71-3707-44DE-B1C5-D877B4EAB925}.Debug|Any CPU.Build.0 = Debug|Any CPU
		{31336C71-3707-44DE-B1C5-D877B4EAB925}.Release|Any CPU.ActiveCfg = Release|Any CPU
		{31336C71-3707-44DE-B1C5-D877B4EAB925}.Release|Any CPU.Build.0 = Release|Any CPU
	EndGlobalSection
	GlobalSection(SolutionProperties) = preSolution
		HideSolutionNode = FALSE
	EndGlobalSection
	GlobalSection(ExtensibilityGlobals) = postSolution
		SolutionGuid = {1DF6231C-A1E7-4A8A-BA34-7FA6DBE4179B}
	EndGlobalSection
EndGlobal
