
Microsoft Visual Studio Solution File, Format Version 12.00
# Visual Studio Version 16
VisualStudioVersion = 16.0.30717.126
MinimumVisualStudioVersion = 10.0.40219.1
Project("{FAE04EC0-301F-11D3-BF4B-00C04F79EFBC}") = "w05d04m02", "w05d04m02\w05d04m02.csproj", "{AE3378E0-5A18-4241-8C83-03479D0D66A8}"
EndProject
Global
	GlobalSection(SolutionConfigurationPlatforms) = preSolution
		Debug|Any CPU = Debug|Any CPU
		Release|Any CPU = Release|Any CPU
	EndGlobalSection
	GlobalSection(ProjectConfigurationPlatforms) = postSolution
		{AE3378E0-5A18-4241-8C83-03479D0D66A8}.Debug|Any CPU.ActiveCfg = Debug|Any CPU
		{AE3378E0-5A18-4241-8C83-03479D0D66A8}.Debug|Any CPU.Build.0 = Debug|Any CPU
		{AE3378E0-5A18-4241-8C83-03479D0D66A8}.Release|Any CPU.ActiveCfg = Release|Any CPU
		{AE3378E0-5A18-4241-8C83-03479D0D66A8}.Release|Any CPU.Build.0 = Release|Any CPU
	EndGlobalSection
	GlobalSection(SolutionProperties) = preSolution
		HideSolutionNode = FALSE
	EndGlobalSection
	GlobalSection(ExtensibilityGlobals) = postSolution
		SolutionGuid = {C2EEDDB1-9420-456B-B9C5-7199178256E1}
	EndGlobalSection
EndGlobal
