
Microsoft Visual Studio Solution File, Format Version 12.00
# Visual Studio Version 16
VisualStudioVersion = 16.0.30503.244
MinimumVisualStudioVersion = 10.0.40219.1
Project("{FAE04EC0-301F-11D3-BF4B-00C04F79EFBC}") = "w02d02", "w02d02\w02d02.csproj", "{C899BBD0-A355-45C0-B8AB-84C5B3C1AEE0}"
EndProject
Global
	GlobalSection(SolutionConfigurationPlatforms) = preSolution
		Debug|Any CPU = Debug|Any CPU
		Release|Any CPU = Release|Any CPU
	EndGlobalSection
	GlobalSection(ProjectConfigurationPlatforms) = postSolution
		{C899BBD0-A355-45C0-B8AB-84C5B3C1AEE0}.Debug|Any CPU.ActiveCfg = Debug|Any CPU
		{C899BBD0-A355-45C0-B8AB-84C5B3C1AEE0}.Debug|Any CPU.Build.0 = Debug|Any CPU
		{C899BBD0-A355-45C0-B8AB-84C5B3C1AEE0}.Release|Any CPU.ActiveCfg = Release|Any CPU
		{C899BBD0-A355-45C0-B8AB-84C5B3C1AEE0}.Release|Any CPU.Build.0 = Release|Any CPU
	EndGlobalSection
	GlobalSection(SolutionProperties) = preSolution
		HideSolutionNode = FALSE
	EndGlobalSection
	GlobalSection(ExtensibilityGlobals) = postSolution
		SolutionGuid = {CC926DF4-7855-479C-A1E8-82996249FCD0}
	EndGlobalSection
EndGlobal
