
Microsoft Visual Studio Solution File, Format Version 12.00
# Visual Studio Version 16
VisualStudioVersion = 16.0.31112.23
MinimumVisualStudioVersion = 10.0.40219.1
Project("{FAE04EC0-301F-11D3-BF4B-00C04F79EFBC}") = "w06d02m03", "w06d02m03\w06d02m03.csproj", "{71A9688E-2E03-48C6-B277-CE5F5DC7D097}"
EndProject
Global
	GlobalSection(SolutionConfigurationPlatforms) = preSolution
		Debug|Any CPU = Debug|Any CPU
		Release|Any CPU = Release|Any CPU
	EndGlobalSection
	GlobalSection(ProjectConfigurationPlatforms) = postSolution
		{71A9688E-2E03-48C6-B277-CE5F5DC7D097}.Debug|Any CPU.ActiveCfg = Debug|Any CPU
		{71A9688E-2E03-48C6-B277-CE5F5DC7D097}.Debug|Any CPU.Build.0 = Debug|Any CPU
		{71A9688E-2E03-48C6-B277-CE5F5DC7D097}.Release|Any CPU.ActiveCfg = Release|Any CPU
		{71A9688E-2E03-48C6-B277-CE5F5DC7D097}.Release|Any CPU.Build.0 = Release|Any CPU
	EndGlobalSection
	GlobalSection(SolutionProperties) = preSolution
		HideSolutionNode = FALSE
	EndGlobalSection
	GlobalSection(ExtensibilityGlobals) = postSolution
		SolutionGuid = {DC071FB4-20AD-493F-9B0D-91ACFD5DFAA9}
	EndGlobalSection
EndGlobal
