
Microsoft Visual Studio Solution File, Format Version 12.00
# Visual Studio Version 16
VisualStudioVersion = 16.0.30503.244
MinimumVisualStudioVersion = 10.0.40219.1
Project("{FAE04EC0-301F-11D3-BF4B-00C04F79EFBC}") = "w02d04m01", "w02d04m01\w02d04m01.csproj", "{58BF48D1-9671-424B-B1DD-98E9F9BCBFEA}"
EndProject
Global
	GlobalSection(SolutionConfigurationPlatforms) = preSolution
		Debug|Any CPU = Debug|Any CPU
		Release|Any CPU = Release|Any CPU
	EndGlobalSection
	GlobalSection(ProjectConfigurationPlatforms) = postSolution
		{58BF48D1-9671-424B-B1DD-98E9F9BCBFEA}.Debug|Any CPU.ActiveCfg = Debug|Any CPU
		{58BF48D1-9671-424B-B1DD-98E9F9BCBFEA}.Debug|Any CPU.Build.0 = Debug|Any CPU
		{58BF48D1-9671-424B-B1DD-98E9F9BCBFEA}.Release|Any CPU.ActiveCfg = Release|Any CPU
		{58BF48D1-9671-424B-B1DD-98E9F9BCBFEA}.Release|Any CPU.Build.0 = Release|Any CPU
	EndGlobalSection
	GlobalSection(SolutionProperties) = preSolution
		HideSolutionNode = FALSE
	EndGlobalSection
	GlobalSection(ExtensibilityGlobals) = postSolution
		SolutionGuid = {9EC69D18-EE51-4887-B029-98D3077697E0}
	EndGlobalSection
EndGlobal
