
Microsoft Visual Studio Solution File, Format Version 12.00
# Visual Studio Version 16
VisualStudioVersion = 16.0.30503.244
MinimumVisualStudioVersion = 10.0.40219.1
Project("{FAE04EC0-301F-11D3-BF4B-00C04F79EFBC}") = "w03d03m01", "w03d03m01\w03d03m01.csproj", "{180449DE-7FA2-43DF-BF92-647293AE1DC6}"
EndProject
Global
	GlobalSection(SolutionConfigurationPlatforms) = preSolution
		Debug|Any CPU = Debug|Any CPU
		Release|Any CPU = Release|Any CPU
	EndGlobalSection
	GlobalSection(ProjectConfigurationPlatforms) = postSolution
		{180449DE-7FA2-43DF-BF92-647293AE1DC6}.Debug|Any CPU.ActiveCfg = Debug|Any CPU
		{180449DE-7FA2-43DF-BF92-647293AE1DC6}.Debug|Any CPU.Build.0 = Debug|Any CPU
		{180449DE-7FA2-43DF-BF92-647293AE1DC6}.Release|Any CPU.ActiveCfg = Release|Any CPU
		{180449DE-7FA2-43DF-BF92-647293AE1DC6}.Release|Any CPU.Build.0 = Release|Any CPU
	EndGlobalSection
	GlobalSection(SolutionProperties) = preSolution
		HideSolutionNode = FALSE
	EndGlobalSection
	GlobalSection(ExtensibilityGlobals) = postSolution
		SolutionGuid = {4C3D5D60-DD5A-4C9F-B2E9-3816EBE686C4}
	EndGlobalSection
EndGlobal
