
Microsoft Visual Studio Solution File, Format Version 12.00
# Visual Studio Version 16
VisualStudioVersion = 16.0.31112.23
MinimumVisualStudioVersion = 10.0.40219.1
Project("{FAE04EC0-301F-11D3-BF4B-00C04F79EFBC}") = "w05d05m02", "w05d05m02\w05d05m02.csproj", "{880C3213-9F48-4961-938F-142FBBB696C2}"
EndProject
Global
	GlobalSection(SolutionConfigurationPlatforms) = preSolution
		Debug|Any CPU = Debug|Any CPU
		Release|Any CPU = Release|Any CPU
	EndGlobalSection
	GlobalSection(ProjectConfigurationPlatforms) = postSolution
		{880C3213-9F48-4961-938F-142FBBB696C2}.Debug|Any CPU.ActiveCfg = Debug|Any CPU
		{880C3213-9F48-4961-938F-142FBBB696C2}.Debug|Any CPU.Build.0 = Debug|Any CPU
		{880C3213-9F48-4961-938F-142FBBB696C2}.Release|Any CPU.ActiveCfg = Release|Any CPU
		{880C3213-9F48-4961-938F-142FBBB696C2}.Release|Any CPU.Build.0 = Release|Any CPU
	EndGlobalSection
	GlobalSection(SolutionProperties) = preSolution
		HideSolutionNode = FALSE
	EndGlobalSection
	GlobalSection(ExtensibilityGlobals) = postSolution
		SolutionGuid = {1DBA4954-5BDA-4DD3-9771-A0ABCF4A7BF2}
	EndGlobalSection
EndGlobal
